
Microsoft Visual Studio Solution File, Format Version 12.00
# Visual Studio Version 16
VisualStudioVersion = 16.0.30413.136
MinimumVisualStudioVersion = 10.0.40219.1
Project("{8BC9CEB8-8B4A-11D0-8D11-00A0C91BC942}") = "test", "test\test.vcxproj", "{FB9B46E2-59F2-42EE-8D79-02DD9694D279}"
EndProject
Global
	GlobalSection(SolutionConfigurationPlatforms) = preSolution
		Debug|x64 = Debug|x64
		Debug|x86 = Debug|x86
		Release|x64 = Release|x64
		Release|x86 = Release|x86
	EndGlobalSection
	GlobalSection(ProjectConfigurationPlatforms) = postSolution
		{FB9B46E2-59F2-42EE-8D79-02DD9694D279}.Debug|x64.ActiveCfg = Debug|x64
		{FB9B46E2-59F2-42EE-8D79-02DD9694D279}.Debug|x64.Build.0 = Debug|x64
		{FB9B46E2-59F2-42EE-8D79-02DD9694D279}.Debug|x86.ActiveCfg = Debug|Win32
		{FB9B46E2-59F2-42EE-8D79-02DD9694D279}.Debug|x86.Build.0 = Debug|Win32
		{FB9B46E2-59F2-42EE-8D79-02DD9694D279}.Release|x64.ActiveCfg = Release|x64
		{FB9B46E2-59F2-42EE-8D79-02DD9694D279}.Release|x64.Build.0 = Release|x64
		{FB9B46E2-59F2-42EE-8D79-02DD9694D279}.Release|x86.ActiveCfg = Release|Win32
		{FB9B46E2-59F2-42EE-8D79-02DD9694D279}.Release|x86.Build.0 = Release|Win32
	EndGlobalSection
	GlobalSection(SolutionProperties) = preSolution
		HideSolutionNode = FALSE
	EndGlobalSection
	GlobalSection(ExtensibilityGlobals) = postSolution
		SolutionGuid = {7D986915-AE18-4A7E-9FCC-3F9AA2F16A72}
	EndGlobalSection
EndGlobal
